
Microsoft Visual Studio Solution File, Format Version 12.00
# Visual Studio 14
VisualStudioVersion = 14.0.25420.1
MinimumVisualStudioVersion = 10.0.40219.1
Project("{2150E333-8FDC-42A3-9474-1A3956D46DE8}") = "Sqs", "Sqs", "{9B390C00-BB73-49F7-BD42-2BE4B9E9BE21}"
EndProject
Project("{2150E333-8FDC-42A3-9474-1A3956D46DE8}") = "Product", "Product", "{02948744-DDCC-4F0F-9B50-C3E10FD86982}"
EndProject
Project("{FAE04EC0-301F-11D3-BF4B-00C04F79EFBC}") = "Poc.Product.Tests", "Product\Poc.Product.Tests.csproj", "{B3828B36-D06E-4F74-ADA1-66C9EF9454E9}"
EndProject
Project("{FAE04EC0-301F-11D3-BF4B-00C04F79EFBC}") = "PoC.Sqs.Core", "Sqs\PoC.Sqs.Core\PoC.Sqs.Core.csproj", "{FE553E16-6FE9-4DE4-BFCB-81F8AA6E996B}"
EndProject
Project("{FAE04EC0-301F-11D3-BF4B-00C04F79EFBC}") = "PoC.Sqs.Tests", "Sqs\PoC.Sqs.Tests\PoC.Sqs.Tests.csproj", "{39AC9364-9D28-4196-B4E1-3EDB0FA8BB0D}"
EndProject
Project("{FAE04EC0-301F-11D3-BF4B-00C04F79EFBC}") = "PoC.Sqs.Worker", "Sqs\PoC.Sqs.Worker\PoC.Sqs.Worker.csproj", "{0076578D-95FE-44DC-BB7E-EF4F5CFF885B}"
EndProject
Project("{CC5FD16D-436D-48AD-A40C-5A424C6E3E79}") = "PoC.Sqs.Azure.CloudService", "Sqs\PoC.Sqs.Azure.CloudService\PoC.Sqs.Azure.CloudService.ccproj", "{F0BCDD8D-B16F-45F7-975D-FBAB9A0A5BC3}"
EndProject
Project("{FAE04EC0-301F-11D3-BF4B-00C04F79EFBC}") = "PoC.Sqs.PactVerification.Tests", "Sqs\Sqs.PoC.PactVerification.Tests\PoC.Sqs.PactVerification.Tests.csproj", "{57709C1F-8634-46BA-ABFF-899C9048823F}"
EndProject
Project("{2150E333-8FDC-42A3-9474-1A3956D46DE8}") = "Tests", "Tests", "{096E27F7-F8FA-4F3F-8433-08627DB1F865}"
EndProject
Project("{FAE04EC0-301F-11D3-BF4B-00C04F79EFBC}") = "PoC.Pacts", "Pacts\PoC.Pacts\PoC.Pacts.csproj", "{B603461A-E06D-458C-881F-E8783C72993D}"
EndProject
Project("{2150E333-8FDC-42A3-9474-1A3956D46DE8}") = "Pacts", "Pacts", "{159546C7-572D-4BFF-B008-FB203E3F96FD}"
EndProject
Project("{FAE04EC0-301F-11D3-BF4B-00C04F79EFBC}") = "PoC.Contracts", "Pacts\ClassLibrary1\PoC.Contracts.csproj", "{CD76975B-768E-4747-8B04-F6A6D00A396A}"
EndProject
Global
	GlobalSection(SolutionConfigurationPlatforms) = preSolution
		Debug|Any CPU = Debug|Any CPU
		Release|Any CPU = Release|Any CPU
	EndGlobalSection
	GlobalSection(ProjectConfigurationPlatforms) = postSolution
		{B3828B36-D06E-4F74-ADA1-66C9EF9454E9}.Debug|Any CPU.ActiveCfg = Debug|Any CPU
		{B3828B36-D06E-4F74-ADA1-66C9EF9454E9}.Debug|Any CPU.Build.0 = Debug|Any CPU
		{B3828B36-D06E-4F74-ADA1-66C9EF9454E9}.Release|Any CPU.ActiveCfg = Release|Any CPU
		{B3828B36-D06E-4F74-ADA1-66C9EF9454E9}.Release|Any CPU.Build.0 = Release|Any CPU
		{FE553E16-6FE9-4DE4-BFCB-81F8AA6E996B}.Debug|Any CPU.ActiveCfg = Debug|Any CPU
		{FE553E16-6FE9-4DE4-BFCB-81F8AA6E996B}.Debug|Any CPU.Build.0 = Debug|Any CPU
		{FE553E16-6FE9-4DE4-BFCB-81F8AA6E996B}.Release|Any CPU.ActiveCfg = Release|Any CPU
		{FE553E16-6FE9-4DE4-BFCB-81F8AA6E996B}.Release|Any CPU.Build.0 = Release|Any CPU
		{39AC9364-9D28-4196-B4E1-3EDB0FA8BB0D}.Debug|Any CPU.ActiveCfg = Debug|Any CPU
		{39AC9364-9D28-4196-B4E1-3EDB0FA8BB0D}.Debug|Any CPU.Build.0 = Debug|Any CPU
		{39AC9364-9D28-4196-B4E1-3EDB0FA8BB0D}.Release|Any CPU.ActiveCfg = Release|Any CPU
		{39AC9364-9D28-4196-B4E1-3EDB0FA8BB0D}.Release|Any CPU.Build.0 = Release|Any CPU
		{0076578D-95FE-44DC-BB7E-EF4F5CFF885B}.Debug|Any CPU.ActiveCfg = Debug|Any CPU
		{0076578D-95FE-44DC-BB7E-EF4F5CFF885B}.Debug|Any CPU.Build.0 = Debug|Any CPU
		{0076578D-95FE-44DC-BB7E-EF4F5CFF885B}.Release|Any CPU.ActiveCfg = Release|Any CPU
		{0076578D-95FE-44DC-BB7E-EF4F5CFF885B}.Release|Any CPU.Build.0 = Release|Any CPU
		{F0BCDD8D-B16F-45F7-975D-FBAB9A0A5BC3}.Debug|Any CPU.ActiveCfg = Debug|Any CPU
		{F0BCDD8D-B16F-45F7-975D-FBAB9A0A5BC3}.Debug|Any CPU.Build.0 = Debug|Any CPU
		{F0BCDD8D-B16F-45F7-975D-FBAB9A0A5BC3}.Release|Any CPU.ActiveCfg = Release|Any CPU
		{F0BCDD8D-B16F-45F7-975D-FBAB9A0A5BC3}.Release|Any CPU.Build.0 = Release|Any CPU
		{57709C1F-8634-46BA-ABFF-899C9048823F}.Debug|Any CPU.ActiveCfg = Debug|Any CPU
		{57709C1F-8634-46BA-ABFF-899C9048823F}.Debug|Any CPU.Build.0 = Debug|Any CPU
		{57709C1F-8634-46BA-ABFF-899C9048823F}.Release|Any CPU.ActiveCfg = Release|Any CPU
		{57709C1F-8634-46BA-ABFF-899C9048823F}.Release|Any CPU.Build.0 = Release|Any CPU
		{B603461A-E06D-458C-881F-E8783C72993D}.Debug|Any CPU.ActiveCfg = Debug|Any CPU
		{B603461A-E06D-458C-881F-E8783C72993D}.Debug|Any CPU.Build.0 = Debug|Any CPU
		{B603461A-E06D-458C-881F-E8783C72993D}.Release|Any CPU.ActiveCfg = Release|Any CPU
		{B603461A-E06D-458C-881F-E8783C72993D}.Release|Any CPU.Build.0 = Release|Any CPU
		{CD76975B-768E-4747-8B04-F6A6D00A396A}.Debug|Any CPU.ActiveCfg = Debug|Any CPU
		{CD76975B-768E-4747-8B04-F6A6D00A396A}.Debug|Any CPU.Build.0 = Debug|Any CPU
		{CD76975B-768E-4747-8B04-F6A6D00A396A}.Release|Any CPU.ActiveCfg = Release|Any CPU
		{CD76975B-768E-4747-8B04-F6A6D00A396A}.Release|Any CPU.Build.0 = Release|Any CPU
	EndGlobalSection
	GlobalSection(SolutionProperties) = preSolution
		HideSolutionNode = FALSE
	EndGlobalSection
	GlobalSection(NestedProjects) = preSolution
		{B3828B36-D06E-4F74-ADA1-66C9EF9454E9} = {02948744-DDCC-4F0F-9B50-C3E10FD86982}
		{FE553E16-6FE9-4DE4-BFCB-81F8AA6E996B} = {9B390C00-BB73-49F7-BD42-2BE4B9E9BE21}
		{39AC9364-9D28-4196-B4E1-3EDB0FA8BB0D} = {096E27F7-F8FA-4F3F-8433-08627DB1F865}
		{0076578D-95FE-44DC-BB7E-EF4F5CFF885B} = {9B390C00-BB73-49F7-BD42-2BE4B9E9BE21}
		{F0BCDD8D-B16F-45F7-975D-FBAB9A0A5BC3} = {9B390C00-BB73-49F7-BD42-2BE4B9E9BE21}
		{57709C1F-8634-46BA-ABFF-899C9048823F} = {096E27F7-F8FA-4F3F-8433-08627DB1F865}
		{096E27F7-F8FA-4F3F-8433-08627DB1F865} = {9B390C00-BB73-49F7-BD42-2BE4B9E9BE21}
		{B603461A-E06D-458C-881F-E8783C72993D} = {159546C7-572D-4BFF-B008-FB203E3F96FD}
		{CD76975B-768E-4747-8B04-F6A6D00A396A} = {159546C7-572D-4BFF-B008-FB203E3F96FD}
	EndGlobalSection
EndGlobal
